
Microsoft Visual Studio Solution File, Format Version 12.00
# Visual Studio Version 17
VisualStudioVersion = 17.0.31903.59
MinimumVisualStudioVersion = 10.0.40219.1
Project("{FAE04EC0-301F-11D3-BF4B-00C04F79EFBC}") = "01_SumTwoNumbers", "01_SumTwoNumbers\01_SumTwoNumbers.csproj", "{118E04B6-B601-48C1-94B3-C92DB586AA3A}"
EndProject
Project("{FAE04EC0-301F-11D3-BF4B-00C04F79EFBC}") = "02_ConvertMinutesToSeconds", "02_ConvertMinutesToSeconds\02_ConvertMinutesToSeconds.csproj", "{69D0FDC1-97DC-4B0D-AC6E-AA4D360AAD12}"
EndProject
Project("{FAE04EC0-301F-11D3-BF4B-00C04F79EFBC}") = "03_NextNumber", "03_NextNumber\03_NextNumber.csproj", "{B9B4E5DF-9668-43E0-B091-7E0A1C5884DE}"
EndProject
Project("{FAE04EC0-301F-11D3-BF4B-00C04F79EFBC}") = "04_CircuitPowerCalculator", "04_CircuitPowerCalculator\04_CircuitPowerCalculator.csproj", "{7996CB83-640B-43BB-B91E-8F7EB40FFC06}"
EndProject
Project("{FAE04EC0-301F-11D3-BF4B-00C04F79EFBC}") = "05_ConvertAgeToDays", "05_ConvertAgeToDays\05_ConvertAgeToDays.csproj", "{038D462E-CF76-4925-ABCA-16E86F7E77EF}"
EndProject
Project("{FAE04EC0-301F-11D3-BF4B-00C04F79EFBC}") = "06_AreaOfTriangle", "06_AreaOfTriangle\06_AreaOfTriangle.csproj", "{F636A077-1CE7-4FD4-AC02-883B44D6D519}"
EndProject
Project("{FAE04EC0-301F-11D3-BF4B-00C04F79EFBC}") = "07_RemainderOfTwoNumbers", "07_RemainderOfTwoNumbers\07_RemainderOfTwoNumbers.csproj", "{EAD1647B-7760-4D1D-A39E-199D05D1FAE5}"
EndProject
Project("{FAE04EC0-301F-11D3-BF4B-00C04F79EFBC}") = "08_LessThenOrEqualToZero", "08_LessThenOrEqualToZero\08_LessThenOrEqualToZero.csproj", "{75FC1D0E-F6E9-4CFB-BD25-1BC63494FEF5}"
EndProject
Project("{FAE04EC0-301F-11D3-BF4B-00C04F79EFBC}") = "09_LessThan100", "09_LessThan100\09_LessThan100.csproj", "{836BF5CF-1FF2-4730-964D-7D251B9BD629}"
EndProject
Project("{FAE04EC0-301F-11D3-BF4B-00C04F79EFBC}") = "10_FindPerimeterOfRectangle", "10_FindPerimeterOfRectangle\10_FindPerimeterOfRectangle.csproj", "{5F078CD3-C60F-4096-8D93-1D6704DEA0ED}"
EndProject
Project("{FAE04EC0-301F-11D3-BF4B-00C04F79EFBC}") = "11_NumberToMonthName", "11_NumberToMonthName\11_NumberToMonthName.csproj", "{85BF9999-ADDF-4AE4-ADF9-D81CB6AC1DA8}"
EndProject
Project("{FAE04EC0-301F-11D3-BF4B-00C04F79EFBC}") = "12_FindBiggestAndSmallestNumber", "12_FindBiggestAndSmallestNumber\12_FindBiggestAndSmallestNumber.csproj", "{6416FB8E-5097-431D-B2FB-C75CA2742DE8}"
EndProject
Project("{FAE04EC0-301F-11D3-BF4B-00C04F79EFBC}") = "13_ToThePowerOf", "13_ToThePowerOf\13_ToThePowerOf.csproj", "{E04E653F-B26B-4104-9B26-75D8BC361FAA}"
EndProject
Project("{FAE04EC0-301F-11D3-BF4B-00C04F79EFBC}") = "14_HammingDistance", "14_HammingDistance\14_HammingDistance.csproj", "{C3110EBE-25C7-46AE-8C44-347DF1C0805E}"
EndProject
Project("{FAE04EC0-301F-11D3-BF4B-00C04F79EFBC}") = "15_ShuffleTheName", "15_ShuffleTheName\15_ShuffleTheName.csproj", "{A4D758DF-83A8-4E03-B1DF-52FB7A0FCD83}"
EndProject
Project("{FAE04EC0-301F-11D3-BF4B-00C04F79EFBC}") = "16_SmallerStringNumber", "16_SmallerStringNumber\16_SmallerStringNumber.csproj", "{82BC05DF-EF67-4138-8FEF-332E6CA8A6A1}"
EndProject
Project("{FAE04EC0-301F-11D3-BF4B-00C04F79EFBC}") = "17_SortNumbersAscending", "17_SortNumbersAscending\17_SortNumbersAscending.csproj", "{EAC0723B-6DD1-4D46-929D-882D92E46D4A}"
EndProject
Project("{FAE04EC0-301F-11D3-BF4B-00C04F79EFBC}") = "18_HackerSpeak", "18_HackerSpeak\18_HackerSpeak.csproj", "{A92AE562-0CEA-4342-A26B-30FD829039E8}"
EndProject
Project("{FAE04EC0-301F-11D3-BF4B-00C04F79EFBC}") = "19_HowManyDsAreThere", "19_HowManyDsAreThere\19_HowManyDsAreThere.csproj", "{94319A6E-825E-49BE-843C-7ED81678BBD7}"
EndProject
Project("{FAE04EC0-301F-11D3-BF4B-00C04F79EFBC}") = "20_RemoveFirstAndLastCharacters", "20_RemoveFirstAndLastCharacters\20_RemoveFirstAndLastCharacters.csproj", "{A9652841-6C36-48A6-8D67-AA1927289369}"
EndProject
Project("{FAE04EC0-301F-11D3-BF4B-00C04F79EFBC}") = "21_ArrayOfMultiples", "21_ArrayOfMultiples\21_ArrayOfMultiples.csproj", "{E896FACA-9272-431E-9D04-C42E2875F355}"
EndProject
Project("{FAE04EC0-301F-11D3-BF4B-00C04F79EFBC}") = "Tests", "Tests\Tests.csproj", "{208976FE-AD7F-46F5-91AB-439964C7B53F}"
EndProject
Project("{FAE04EC0-301F-11D3-BF4B-00C04F79EFBC}") = "22_ReverseTheCase", "22_ReverseTheCase\22_ReverseTheCase.csproj", "{C6C9731A-5DAD-43D6-B1D9-F1361832B3B4}"
EndProject
Project("{FAE04EC0-301F-11D3-BF4B-00C04F79EFBC}") = "24_ReturnIndexCapitalLatters", "24_ReturnIndexCapitalLatters\24_ReturnIndexCapitalLatters.csproj", "{8510DBE0-1BC9-499B-A576-B60B5DB92ABE}"
EndProject
Project("{FAE04EC0-301F-11D3-BF4B-00C04F79EFBC}") = "25_FindTheBomb", "25_FindTheBomb\25_FindTheBomb.csproj", "{218D20D0-D08E-49C8-8538-C2DD89936DCE}"
EndProject
Project("{FAE04EC0-301F-11D3-BF4B-00C04F79EFBC}") = "26_ConvertArrayItemsToAString", "26_ConvertArrayItemsToAString\26_ConvertArrayItemsToAString.csproj", "{BDD1571D-CF4A-4375-83EE-ADAC184A1E5E}"
EndProject
Project("{FAE04EC0-301F-11D3-BF4B-00C04F79EFBC}") = "27_FindLargestNumbersInAGroupOfArrays", "27_FindLargestNumbersInAGroupOfArrays\27_FindLargestNumbersInAGroupOfArrays.csproj", "{BEDA460B-5C0C-4557-8615-6267F6AFE210}"
EndProject
Project("{FAE04EC0-301F-11D3-BF4B-00C04F79EFBC}") = "28_CollatzConjecture", "28_CollatzConjecture\28_CollatzConjecture.csproj", "{A74F55D7-968C-4686-B287-490A480A8ECC}"
EndProject
Project("{FAE04EC0-301F-11D3-BF4B-00C04F79EFBC}") = "29_CharactersCounterpartCharCode", "29_CharactersCounterpartCharCode\29_CharactersCounterpartCharCode.csproj", "{D8F841DC-DA6C-462D-87D6-4227D8DF2B4F}"
EndProject
Project("{FAE04EC0-301F-11D3-BF4B-00C04F79EFBC}") = "30_CountOnesInBinaryRepOfInteger", "30_CountOnesInBinaryRepOfInteger\30_CountOnesInBinaryRepOfInteger.csproj", "{D04A4363-4E73-407F-B500-30F720AEB007}"
EndProject
Project("{FAE04EC0-301F-11D3-BF4B-00C04F79EFBC}") = "31_IsTheDieLoaded", "31_IsTheDieLoaded\31_IsTheDieLoaded.csproj", "{3CACB091-C7F8-4785-BCDC-FAAFFFE114F0}"
EndProject
Global
	GlobalSection(SolutionConfigurationPlatforms) = preSolution
		Debug|Any CPU = Debug|Any CPU
		Release|Any CPU = Release|Any CPU
	EndGlobalSection
	GlobalSection(SolutionProperties) = preSolution
		HideSolutionNode = FALSE
	EndGlobalSection
	GlobalSection(ProjectConfigurationPlatforms) = postSolution
		{118E04B6-B601-48C1-94B3-C92DB586AA3A}.Debug|Any CPU.ActiveCfg = Debug|Any CPU
		{118E04B6-B601-48C1-94B3-C92DB586AA3A}.Debug|Any CPU.Build.0 = Debug|Any CPU
		{118E04B6-B601-48C1-94B3-C92DB586AA3A}.Release|Any CPU.ActiveCfg = Release|Any CPU
		{118E04B6-B601-48C1-94B3-C92DB586AA3A}.Release|Any CPU.Build.0 = Release|Any CPU
		{69D0FDC1-97DC-4B0D-AC6E-AA4D360AAD12}.Debug|Any CPU.ActiveCfg = Debug|Any CPU
		{69D0FDC1-97DC-4B0D-AC6E-AA4D360AAD12}.Debug|Any CPU.Build.0 = Debug|Any CPU
		{69D0FDC1-97DC-4B0D-AC6E-AA4D360AAD12}.Release|Any CPU.ActiveCfg = Release|Any CPU
		{69D0FDC1-97DC-4B0D-AC6E-AA4D360AAD12}.Release|Any CPU.Build.0 = Release|Any CPU
		{B9B4E5DF-9668-43E0-B091-7E0A1C5884DE}.Debug|Any CPU.ActiveCfg = Debug|Any CPU
		{B9B4E5DF-9668-43E0-B091-7E0A1C5884DE}.Debug|Any CPU.Build.0 = Debug|Any CPU
		{B9B4E5DF-9668-43E0-B091-7E0A1C5884DE}.Release|Any CPU.ActiveCfg = Release|Any CPU
		{B9B4E5DF-9668-43E0-B091-7E0A1C5884DE}.Release|Any CPU.Build.0 = Release|Any CPU
		{7996CB83-640B-43BB-B91E-8F7EB40FFC06}.Debug|Any CPU.ActiveCfg = Debug|Any CPU
		{7996CB83-640B-43BB-B91E-8F7EB40FFC06}.Debug|Any CPU.Build.0 = Debug|Any CPU
		{7996CB83-640B-43BB-B91E-8F7EB40FFC06}.Release|Any CPU.ActiveCfg = Release|Any CPU
		{7996CB83-640B-43BB-B91E-8F7EB40FFC06}.Release|Any CPU.Build.0 = Release|Any CPU
		{038D462E-CF76-4925-ABCA-16E86F7E77EF}.Debug|Any CPU.ActiveCfg = Debug|Any CPU
		{038D462E-CF76-4925-ABCA-16E86F7E77EF}.Debug|Any CPU.Build.0 = Debug|Any CPU
		{038D462E-CF76-4925-ABCA-16E86F7E77EF}.Release|Any CPU.ActiveCfg = Release|Any CPU
		{038D462E-CF76-4925-ABCA-16E86F7E77EF}.Release|Any CPU.Build.0 = Release|Any CPU
		{F636A077-1CE7-4FD4-AC02-883B44D6D519}.Debug|Any CPU.ActiveCfg = Debug|Any CPU
		{F636A077-1CE7-4FD4-AC02-883B44D6D519}.Debug|Any CPU.Build.0 = Debug|Any CPU
		{F636A077-1CE7-4FD4-AC02-883B44D6D519}.Release|Any CPU.ActiveCfg = Release|Any CPU
		{F636A077-1CE7-4FD4-AC02-883B44D6D519}.Release|Any CPU.Build.0 = Release|Any CPU
		{EAD1647B-7760-4D1D-A39E-199D05D1FAE5}.Debug|Any CPU.ActiveCfg = Debug|Any CPU
		{EAD1647B-7760-4D1D-A39E-199D05D1FAE5}.Debug|Any CPU.Build.0 = Debug|Any CPU
		{EAD1647B-7760-4D1D-A39E-199D05D1FAE5}.Release|Any CPU.ActiveCfg = Release|Any CPU
		{EAD1647B-7760-4D1D-A39E-199D05D1FAE5}.Release|Any CPU.Build.0 = Release|Any CPU
		{75FC1D0E-F6E9-4CFB-BD25-1BC63494FEF5}.Debug|Any CPU.ActiveCfg = Debug|Any CPU
		{75FC1D0E-F6E9-4CFB-BD25-1BC63494FEF5}.Debug|Any CPU.Build.0 = Debug|Any CPU
		{75FC1D0E-F6E9-4CFB-BD25-1BC63494FEF5}.Release|Any CPU.ActiveCfg = Release|Any CPU
		{75FC1D0E-F6E9-4CFB-BD25-1BC63494FEF5}.Release|Any CPU.Build.0 = Release|Any CPU
		{836BF5CF-1FF2-4730-964D-7D251B9BD629}.Debug|Any CPU.ActiveCfg = Debug|Any CPU
		{836BF5CF-1FF2-4730-964D-7D251B9BD629}.Debug|Any CPU.Build.0 = Debug|Any CPU
		{836BF5CF-1FF2-4730-964D-7D251B9BD629}.Release|Any CPU.ActiveCfg = Release|Any CPU
		{836BF5CF-1FF2-4730-964D-7D251B9BD629}.Release|Any CPU.Build.0 = Release|Any CPU
		{5F078CD3-C60F-4096-8D93-1D6704DEA0ED}.Debug|Any CPU.ActiveCfg = Debug|Any CPU
		{5F078CD3-C60F-4096-8D93-1D6704DEA0ED}.Debug|Any CPU.Build.0 = Debug|Any CPU
		{5F078CD3-C60F-4096-8D93-1D6704DEA0ED}.Release|Any CPU.ActiveCfg = Release|Any CPU
		{5F078CD3-C60F-4096-8D93-1D6704DEA0ED}.Release|Any CPU.Build.0 = Release|Any CPU
		{85BF9999-ADDF-4AE4-ADF9-D81CB6AC1DA8}.Debug|Any CPU.ActiveCfg = Debug|Any CPU
		{85BF9999-ADDF-4AE4-ADF9-D81CB6AC1DA8}.Debug|Any CPU.Build.0 = Debug|Any CPU
		{85BF9999-ADDF-4AE4-ADF9-D81CB6AC1DA8}.Release|Any CPU.ActiveCfg = Release|Any CPU
		{85BF9999-ADDF-4AE4-ADF9-D81CB6AC1DA8}.Release|Any CPU.Build.0 = Release|Any CPU
		{6416FB8E-5097-431D-B2FB-C75CA2742DE8}.Debug|Any CPU.ActiveCfg = Debug|Any CPU
		{6416FB8E-5097-431D-B2FB-C75CA2742DE8}.Debug|Any CPU.Build.0 = Debug|Any CPU
		{6416FB8E-5097-431D-B2FB-C75CA2742DE8}.Release|Any CPU.ActiveCfg = Release|Any CPU
		{6416FB8E-5097-431D-B2FB-C75CA2742DE8}.Release|Any CPU.Build.0 = Release|Any CPU
		{E04E653F-B26B-4104-9B26-75D8BC361FAA}.Debug|Any CPU.ActiveCfg = Debug|Any CPU
		{E04E653F-B26B-4104-9B26-75D8BC361FAA}.Debug|Any CPU.Build.0 = Debug|Any CPU
		{E04E653F-B26B-4104-9B26-75D8BC361FAA}.Release|Any CPU.ActiveCfg = Release|Any CPU
		{E04E653F-B26B-4104-9B26-75D8BC361FAA}.Release|Any CPU.Build.0 = Release|Any CPU
		{C3110EBE-25C7-46AE-8C44-347DF1C0805E}.Debug|Any CPU.ActiveCfg = Debug|Any CPU
		{C3110EBE-25C7-46AE-8C44-347DF1C0805E}.Debug|Any CPU.Build.0 = Debug|Any CPU
		{C3110EBE-25C7-46AE-8C44-347DF1C0805E}.Release|Any CPU.ActiveCfg = Release|Any CPU
		{C3110EBE-25C7-46AE-8C44-347DF1C0805E}.Release|Any CPU.Build.0 = Release|Any CPU
		{A4D758DF-83A8-4E03-B1DF-52FB7A0FCD83}.Debug|Any CPU.ActiveCfg = Debug|Any CPU
		{A4D758DF-83A8-4E03-B1DF-52FB7A0FCD83}.Debug|Any CPU.Build.0 = Debug|Any CPU
		{A4D758DF-83A8-4E03-B1DF-52FB7A0FCD83}.Release|Any CPU.ActiveCfg = Release|Any CPU
		{A4D758DF-83A8-4E03-B1DF-52FB7A0FCD83}.Release|Any CPU.Build.0 = Release|Any CPU
		{82BC05DF-EF67-4138-8FEF-332E6CA8A6A1}.Debug|Any CPU.ActiveCfg = Debug|Any CPU
		{82BC05DF-EF67-4138-8FEF-332E6CA8A6A1}.Debug|Any CPU.Build.0 = Debug|Any CPU
		{82BC05DF-EF67-4138-8FEF-332E6CA8A6A1}.Release|Any CPU.ActiveCfg = Release|Any CPU
		{82BC05DF-EF67-4138-8FEF-332E6CA8A6A1}.Release|Any CPU.Build.0 = Release|Any CPU
		{EAC0723B-6DD1-4D46-929D-882D92E46D4A}.Debug|Any CPU.ActiveCfg = Debug|Any CPU
		{EAC0723B-6DD1-4D46-929D-882D92E46D4A}.Debug|Any CPU.Build.0 = Debug|Any CPU
		{EAC0723B-6DD1-4D46-929D-882D92E46D4A}.Release|Any CPU.ActiveCfg = Release|Any CPU
		{EAC0723B-6DD1-4D46-929D-882D92E46D4A}.Release|Any CPU.Build.0 = Release|Any CPU
		{A92AE562-0CEA-4342-A26B-30FD829039E8}.Debug|Any CPU.ActiveCfg = Debug|Any CPU
		{A92AE562-0CEA-4342-A26B-30FD829039E8}.Debug|Any CPU.Build.0 = Debug|Any CPU
		{A92AE562-0CEA-4342-A26B-30FD829039E8}.Release|Any CPU.ActiveCfg = Release|Any CPU
		{A92AE562-0CEA-4342-A26B-30FD829039E8}.Release|Any CPU.Build.0 = Release|Any CPU
		{94319A6E-825E-49BE-843C-7ED81678BBD7}.Debug|Any CPU.ActiveCfg = Debug|Any CPU
		{94319A6E-825E-49BE-843C-7ED81678BBD7}.Debug|Any CPU.Build.0 = Debug|Any CPU
		{94319A6E-825E-49BE-843C-7ED81678BBD7}.Release|Any CPU.ActiveCfg = Release|Any CPU
		{94319A6E-825E-49BE-843C-7ED81678BBD7}.Release|Any CPU.Build.0 = Release|Any CPU
		{A9652841-6C36-48A6-8D67-AA1927289369}.Debug|Any CPU.ActiveCfg = Debug|Any CPU
		{A9652841-6C36-48A6-8D67-AA1927289369}.Debug|Any CPU.Build.0 = Debug|Any CPU
		{A9652841-6C36-48A6-8D67-AA1927289369}.Release|Any CPU.ActiveCfg = Release|Any CPU
		{A9652841-6C36-48A6-8D67-AA1927289369}.Release|Any CPU.Build.0 = Release|Any CPU
		{E896FACA-9272-431E-9D04-C42E2875F355}.Debug|Any CPU.ActiveCfg = Debug|Any CPU
		{E896FACA-9272-431E-9D04-C42E2875F355}.Debug|Any CPU.Build.0 = Debug|Any CPU
		{E896FACA-9272-431E-9D04-C42E2875F355}.Release|Any CPU.ActiveCfg = Release|Any CPU
		{E896FACA-9272-431E-9D04-C42E2875F355}.Release|Any CPU.Build.0 = Release|Any CPU
		{208976FE-AD7F-46F5-91AB-439964C7B53F}.Debug|Any CPU.ActiveCfg = Debug|Any CPU
		{208976FE-AD7F-46F5-91AB-439964C7B53F}.Debug|Any CPU.Build.0 = Debug|Any CPU
		{208976FE-AD7F-46F5-91AB-439964C7B53F}.Release|Any CPU.ActiveCfg = Release|Any CPU
		{208976FE-AD7F-46F5-91AB-439964C7B53F}.Release|Any CPU.Build.0 = Release|Any CPU
		{C6C9731A-5DAD-43D6-B1D9-F1361832B3B4}.Debug|Any CPU.ActiveCfg = Debug|Any CPU
		{C6C9731A-5DAD-43D6-B1D9-F1361832B3B4}.Debug|Any CPU.Build.0 = Debug|Any CPU
		{C6C9731A-5DAD-43D6-B1D9-F1361832B3B4}.Release|Any CPU.ActiveCfg = Release|Any CPU
		{C6C9731A-5DAD-43D6-B1D9-F1361832B3B4}.Release|Any CPU.Build.0 = Release|Any CPU
		{8510DBE0-1BC9-499B-A576-B60B5DB92ABE}.Debug|Any CPU.ActiveCfg = Debug|Any CPU
		{8510DBE0-1BC9-499B-A576-B60B5DB92ABE}.Debug|Any CPU.Build.0 = Debug|Any CPU
		{8510DBE0-1BC9-499B-A576-B60B5DB92ABE}.Release|Any CPU.ActiveCfg = Release|Any CPU
		{8510DBE0-1BC9-499B-A576-B60B5DB92ABE}.Release|Any CPU.Build.0 = Release|Any CPU
		{218D20D0-D08E-49C8-8538-C2DD89936DCE}.Debug|Any CPU.ActiveCfg = Debug|Any CPU
		{218D20D0-D08E-49C8-8538-C2DD89936DCE}.Debug|Any CPU.Build.0 = Debug|Any CPU
		{218D20D0-D08E-49C8-8538-C2DD89936DCE}.Release|Any CPU.ActiveCfg = Release|Any CPU
		{218D20D0-D08E-49C8-8538-C2DD89936DCE}.Release|Any CPU.Build.0 = Release|Any CPU
		{BDD1571D-CF4A-4375-83EE-ADAC184A1E5E}.Debug|Any CPU.ActiveCfg = Debug|Any CPU
		{BDD1571D-CF4A-4375-83EE-ADAC184A1E5E}.Debug|Any CPU.Build.0 = Debug|Any CPU
		{BDD1571D-CF4A-4375-83EE-ADAC184A1E5E}.Release|Any CPU.ActiveCfg = Release|Any CPU
		{BDD1571D-CF4A-4375-83EE-ADAC184A1E5E}.Release|Any CPU.Build.0 = Release|Any CPU
		{BEDA460B-5C0C-4557-8615-6267F6AFE210}.Debug|Any CPU.ActiveCfg = Debug|Any CPU
		{BEDA460B-5C0C-4557-8615-6267F6AFE210}.Debug|Any CPU.Build.0 = Debug|Any CPU
		{BEDA460B-5C0C-4557-8615-6267F6AFE210}.Release|Any CPU.ActiveCfg = Release|Any CPU
		{BEDA460B-5C0C-4557-8615-6267F6AFE210}.Release|Any CPU.Build.0 = Release|Any CPU
		{A74F55D7-968C-4686-B287-490A480A8ECC}.Debug|Any CPU.ActiveCfg = Debug|Any CPU
		{A74F55D7-968C-4686-B287-490A480A8ECC}.Debug|Any CPU.Build.0 = Debug|Any CPU
		{A74F55D7-968C-4686-B287-490A480A8ECC}.Release|Any CPU.ActiveCfg = Release|Any CPU
		{A74F55D7-968C-4686-B287-490A480A8ECC}.Release|Any CPU.Build.0 = Release|Any CPU
		{D8F841DC-DA6C-462D-87D6-4227D8DF2B4F}.Debug|Any CPU.ActiveCfg = Debug|Any CPU
		{D8F841DC-DA6C-462D-87D6-4227D8DF2B4F}.Debug|Any CPU.Build.0 = Debug|Any CPU
		{D8F841DC-DA6C-462D-87D6-4227D8DF2B4F}.Release|Any CPU.ActiveCfg = Release|Any CPU
		{D8F841DC-DA6C-462D-87D6-4227D8DF2B4F}.Release|Any CPU.Build.0 = Release|Any CPU
		{D04A4363-4E73-407F-B500-30F720AEB007}.Debug|Any CPU.ActiveCfg = Debug|Any CPU
		{D04A4363-4E73-407F-B500-30F720AEB007}.Debug|Any CPU.Build.0 = Debug|Any CPU
		{D04A4363-4E73-407F-B500-30F720AEB007}.Release|Any CPU.ActiveCfg = Release|Any CPU
		{D04A4363-4E73-407F-B500-30F720AEB007}.Release|Any CPU.Build.0 = Release|Any CPU
		{3CACB091-C7F8-4785-BCDC-FAAFFFE114F0}.Debug|Any CPU.ActiveCfg = Debug|Any CPU
		{3CACB091-C7F8-4785-BCDC-FAAFFFE114F0}.Debug|Any CPU.Build.0 = Debug|Any CPU
		{3CACB091-C7F8-4785-BCDC-FAAFFFE114F0}.Release|Any CPU.ActiveCfg = Release|Any CPU
		{3CACB091-C7F8-4785-BCDC-FAAFFFE114F0}.Release|Any CPU.Build.0 = Release|Any CPU
	EndGlobalSection
EndGlobal
